// !$*UTF8*$!
{
	archiveVersion = 1;
	classes = {
	};
	objectVersion = 46;
	objects = {

/* Begin PBXBuildFile section */
		029641641C63DB25003BC1F1 /* main.cpp in Sources */ = {isa = PBXBuildFile; fileRef = 029641631C63DB25003BC1F1 /* main.cpp */; };
		029641731C63EFB6003BC1F1 /* Collatz.c++ in Sources */ = {isa = PBXBuildFile; fileRef = 0296416A1C63EFB6003BC1F1 /* Collatz.c++ */; };
		029641741C63EFB6003BC1F1 /* makefile in Sources */ = {isa = PBXBuildFile; fileRef = 0296416C1C63EFB6003BC1F1 /* makefile */; };
		029641751C63EFB6003BC1F1 /* RunCollatz.c++ in Sources */ = {isa = PBXBuildFile; fileRef = 0296416E1C63EFB6003BC1F1 /* RunCollatz.c++ */; };
		029641761C63EFB6003BC1F1 /* TestCollatz.c++ in Sources */ = {isa = PBXBuildFile; fileRef = 029641711C63EFB6003BC1F1 /* TestCollatz.c++ */; };
/* End PBXBuildFile section */

/* Begin PBXCopyFilesBuildPhase section */
		0296415E1C63DB25003BC1F1 /* CopyFiles */ = {
			isa = PBXCopyFilesBuildPhase;
			buildActionMask = 2147483647;
			dstPath = /usr/share/man/man1/;
			dstSubfolderSpec = 0;
			files = (
			);
			runOnlyForDeploymentPostprocessing = 1;
		};
/* End PBXCopyFilesBuildPhase section */

/* Begin PBXFileReference section */
		029641601C63DB25003BC1F1 /* Collatz */ = {isa = PBXFileReference; explicitFileType = "compiled.mach-o.executable"; includeInIndex = 0; path = Collatz; sourceTree = BUILT_PRODUCTS_DIR; };
		029641631C63DB25003BC1F1 /* main.cpp */ = {isa = PBXFileReference; lastKnownFileType = sourcecode.cpp.cpp; path = main.cpp; sourceTree = "<group>"; };
		0296416A1C63EFB6003BC1F1 /* Collatz.c++ */ = {isa = PBXFileReference; fileEncoding = 4; lastKnownFileType = sourcecode.cpp.cpp; path = "Collatz.c++"; sourceTree = "<group>"; };
		0296416B1C63EFB6003BC1F1 /* Collatz.h */ = {isa = PBXFileReference; fileEncoding = 4; lastKnownFileType = sourcecode.c.h; path = Collatz.h; sourceTree = "<group>"; };
		0296416C1C63EFB6003BC1F1 /* makefile */ = {isa = PBXFileReference; fileEncoding = 4; lastKnownFileType = sourcecode.make; path = makefile; sourceTree = "<group>"; };
		0296416D1C63EFB6003BC1F1 /* README */ = {isa = PBXFileReference; fileEncoding = 4; lastKnownFileType = text; path = README; sourceTree = "<group>"; };
		0296416E1C63EFB6003BC1F1 /* RunCollatz.c++ */ = {isa = PBXFileReference; fileEncoding = 4; lastKnownFileType = sourcecode.cpp.cpp; path = "RunCollatz.c++"; sourceTree = "<group>"; };
		0296416F1C63EFB6003BC1F1 /* RunCollatz.in */ = {isa = PBXFileReference; fileEncoding = 4; lastKnownFileType = text; path = RunCollatz.in; sourceTree = "<group>"; };
		029641701C63EFB6003BC1F1 /* RunCollatz.out */ = {isa = PBXFileReference; fileEncoding = 4; lastKnownFileType = text; path = RunCollatz.out; sourceTree = "<group>"; };
		029641711C63EFB6003BC1F1 /* TestCollatz.c++ */ = {isa = PBXFileReference; fileEncoding = 4; lastKnownFileType = sourcecode.cpp.cpp; path = "TestCollatz.c++"; sourceTree = "<group>"; };
		029641721C63EFB6003BC1F1 /* TestCollatz.out */ = {isa = PBXFileReference; fileEncoding = 4; lastKnownFileType = text; path = TestCollatz.out; sourceTree = "<group>"; };
/* End PBXFileReference section */

/* Begin PBXFrameworksBuildPhase section */
		0296415D1C63DB25003BC1F1 /* Frameworks */ = {
			isa = PBXFrameworksBuildPhase;
			buildActionMask = 2147483647;
			files = (
			);
			runOnlyForDeploymentPostprocessing = 0;
		};
/* End PBXFrameworksBuildPhase section */

/* Begin PBXGroup section */
		029641571C63DB25003BC1F1 = {
			isa = PBXGroup;
			children = (
				029641621C63DB25003BC1F1 /* Collatz */,
				029641611C63DB25003BC1F1 /* Products */,
			);
			sourceTree = "<group>";
		};
		029641611C63DB25003BC1F1 /* Products */ = {
			isa = PBXGroup;
			children = (
				029641601C63DB25003BC1F1 /* Collatz */,
			);
			name = Products;
			sourceTree = "<group>";
		};
		029641621C63DB25003BC1F1 /* Collatz */ = {
			isa = PBXGroup;
			children = (
				0296416A1C63EFB6003BC1F1 /* Collatz.c++ */,
				0296416B1C63EFB6003BC1F1 /* Collatz.h */,
				0296416C1C63EFB6003BC1F1 /* makefile */,
				0296416D1C63EFB6003BC1F1 /* README */,
				0296416E1C63EFB6003BC1F1 /* RunCollatz.c++ */,
				0296416F1C63EFB6003BC1F1 /* RunCollatz.in */,
				029641701C63EFB6003BC1F1 /* RunCollatz.out */,
				029641711C63EFB6003BC1F1 /* TestCollatz.c++ */,
				029641721C63EFB6003BC1F1 /* TestCollatz.out */,
				029641631C63DB25003BC1F1 /* main.cpp */,
			);
			path = Collatz;
			sourceTree = "<group>";
		};
/* End PBXGroup section */

/* Begin PBXNativeTarget section */
		0296415F1C63DB25003BC1F1 /* Collatz */ = {
			isa = PBXNativeTarget;
			buildConfigurationList = 029641671C63DB25003BC1F1 /* Build configuration list for PBXNativeTarget "Collatz" */;
			buildPhases = (
				0296415C1C63DB25003BC1F1 /* Sources */,
				0296415D1C63DB25003BC1F1 /* Frameworks */,
				0296415E1C63DB25003BC1F1 /* CopyFiles */,
			);
			buildRules = (
			);
			dependencies = (
			);
			name = Collatz;
			productName = Collatz;
			productReference = 029641601C63DB25003BC1F1 /* Collatz */;
			productType = "com.apple.product-type.tool";
		};
/* End PBXNativeTarget section */

/* Begin PBXProject section */
		029641581C63DB25003BC1F1 /* Project object */ = {
			isa = PBXProject;
			attributes = {
				LastUpgradeCheck = 0720;
				ORGANIZATIONNAME = "saleh alghusson";
				TargetAttributes = {
					0296415F1C63DB25003BC1F1 = {
						CreatedOnToolsVersion = 7.2;
					};
				};
			};
			buildConfigurationList = 0296415B1C63DB25003BC1F1 /* Build configuration list for PBXProject "Collatz" */;
			compatibilityVersion = "Xcode 3.2";
			developmentRegion = English;
			hasScannedForEncodings = 0;
			knownRegions = (
				en,
			);
			mainGroup = 029641571C63DB25003BC1F1;
			productRefGroup = 029641611C63DB25003BC1F1 /* Products */;
			projectDirPath = "";
			projectRoot = "";
			targets = (
				0296415F1C63DB25003BC1F1 /* Collatz */,
			);
		};
/* End PBXProject section */

/* Begin PBXSourcesBuildPhase section */
		0296415C1C63DB25003BC1F1 /* Sources */ = {
			isa = PBXSourcesBuildPhase;
			buildActionMask = 2147483647;
			files = (
				029641641C63DB25003BC1F1 /* main.cpp in Sources */,
				029641731C63EFB6003BC1F1 /* Collatz.c++ in Sources */,
				029641741C63EFB6003BC1F1 /* makefile in Sources */,
				029641761C63EFB6003BC1F1 /* TestCollatz.c++ in Sources */,
				029641751C63EFB6003BC1F1 /* RunCollatz.c++ in Sources */,
			);
			runOnlyForDeploymentPostprocessing = 0;
		};
/* End PBXSourcesBuildPhase section */

/* Begin XCBuildConfiguration section */
		029641651C63DB25003BC1F1 /* Debug */ = {
			isa = XCBuildConfiguration;
			buildSettings = {
				ALWAYS_SEARCH_USER_PATHS = NO;
				CLANG_CXX_LANGUAGE_STANDARD = "gnu++0x";
				CLANG_CXX_LIBRARY = "libc++";
				CLANG_ENABLE_MODULES = YES;
				CLANG_ENABLE_OBJC_ARC = YES;
				CLANG_WARN_BOOL_CONVERSION = YES;
				CLANG_WARN_CONSTANT_CONVERSION = YES;
				CLANG_WARN_DIRECT_OBJC_ISA_USAGE = YES_ERROR;
				CLANG_WARN_EMPTY_BODY = YES;
				CLANG_WARN_ENUM_CONVERSION = YES;
				CLANG_WARN_INT_CONVERSION = YES;
				CLANG_WARN_OBJC_ROOT_CLASS = YES_ERROR;
				CLANG_WARN_UNREACHABLE_CODE = YES;
				CLANG_WARN__DUPLICATE_METHOD_MATCH = YES;
				CODE_SIGN_IDENTITY = "-";
				COPY_PHASE_STRIP = NO;
				DEBUG_INFORMATION_FORMAT = dwarf;
				ENABLE_STRICT_OBJC_MSGSEND = YES;
				ENABLE_TESTABILITY = YES;
				GCC_C_LANGUAGE_STANDARD = gnu99;
				GCC_DYNAMIC_NO_PIC = NO;
				GCC_NO_COMMON_BLOCKS = YES;
				GCC_OPTIMIZATION_LEVEL = 0;
				GCC_PREPROCESSOR_DEFINITIONS = (
					"DEBUG=1",
					"$(inherited)",
				);
				GCC_WARN_64_TO_32_BIT_CONVERSION = YES;
				GCC_WARN_ABOUT_RETURN_TYPE = YES_ERROR;
				GCC_WARN_UNDECLARED_SELECTOR = YES;
				GCC_WARN_UNINITIALIZED_AUTOS = YES_AGGRESSIVE;
				GCC_WARN_UNUSED_FUNCTION = YES;
				GCC_WARN_UNUSED_VARIABLE = YES;
				MACOSX_DEPLOYMENT_TARGET = 10.11;
				MTL_ENABLE_DEBUG_INFO = YES;
				ONLY_ACTIVE_ARCH = YES;
				SDKROOT = macosx;
			};
			name = Debug;
		};
		029641661C63DB25003BC1F1 /* Release */ = {
			isa = XCBuildConfiguration;
			buildSettings = {
				ALWAYS_SEARCH_USER_PATHS = NO;
				CLANG_CXX_LANGUAGE_STANDARD = "gnu++0x";
				CLANG_CXX_LIBRARY = "libc++";
				CLANG_ENABLE_MODULES = YES;
				CLANG_ENABLE_OBJC_ARC = YES;
				CLANG_WARN_BOOL_CONVERSION = YES;
				CLANG_WARN_CONSTANT_CONVERSION = YES;
				CLANG_WARN_DIRECT_OBJC_ISA_USAGE = YES_ERROR;
				CLANG_WARN_EMPTY_BODY = YES;
				CLANG_WARN_ENUM_CONVERSION = YES;
				CLANG_WARN_INT_CONVERSION = YES;
				CLANG_WARN_OBJC_ROOT_CLASS = YES_ERROR;
				CLANG_WARN_UNREACHABLE_CODE = YES;
				CLANG_WARN__DUPLICATE_METHOD_MATCH = YES;
				CODE_SIGN_IDENTITY = "-";
				COPY_PHASE_STRIP = NO;
				DEBUG_INFORMATION_FORMAT = "dwarf-with-dsym";
				ENABLE_NS_ASSERTIONS = NO;
				ENABLE_STRICT_OBJC_MSGSEND = YES;
				GCC_C_LANGUAGE_STANDARD = gnu99;
				GCC_NO_COMMON_BLOCKS = YES;
				GCC_WARN_64_TO_32_BIT_CONVERSION = YES;
				GCC_WARN_ABOUT_RETURN_TYPE = YES_ERROR;
				GCC_WARN_UNDECLARED_SELECTOR = YES;
				GCC_WARN_UNINITIALIZED_AUTOS = YES_AGGRESSIVE;
				GCC_WARN_UNUSED_FUNCTION = YES;
				GCC_WARN_UNUSED_VARIABLE = YES;
				MACOSX_DEPLOYMENT_TARGET = 10.11;
				MTL_ENABLE_DEBUG_INFO = NO;
				SDKROOT = macosx;
			};
			name = Release;
		};
		029641681C63DB25003BC1F1 /* Debug */ = {
			isa = XCBuildConfiguration;
			buildSettings = {
				PRODUCT_NAME = "$(TARGET_NAME)";
			};
			name = Debug;
		};
		029641691C63DB25003BC1F1 /* Release */ = {
			isa = XCBuildConfiguration;
			buildSettings = {
				PRODUCT_NAME = "$(TARGET_NAME)";
			};
			name = Release;
		};
/* End XCBuildConfiguration section */

/* Begin XCConfigurationList section */
		0296415B1C63DB25003BC1F1 /* Build configuration list for PBXProject "Collatz" */ = {
			isa = XCConfigurationList;
			buildConfigurations = (
				029641651C63DB25003BC1F1 /* Debug */,
				029641661C63DB25003BC1F1 /* Release */,
			);
			defaultConfigurationIsVisible = 0;
			defaultConfigurationName = Release;
		};
		029641671C63DB25003BC1F1 /* Build configuration list for PBXNativeTarget "Collatz" */ = {
			isa = XCConfigurationList;
			buildConfigurations = (
				029641681C63DB25003BC1F1 /* Debug */,
				029641691C63DB25003BC1F1 /* Release */,
			);
			defaultConfigurationIsVisible = 0;
		};
/* End XCConfigurationList section */
	};
	rootObject = 029641581C63DB25003BC1F1 /* Project object */;
}
